{
  "projects": [
    {
      "projectId": "gmeH6XgPaBtkt51HunAo4g",
      "version": "18.15.0",
      "dependencies": {},
      "lang": "ts",
      "fileLocks": [
        {
          "assetId": "gmeH6XgPaBtkt51HunAo4g",
          "type": "projectCss",
          "checksum": "1c02168c6b23256606111fdfdbb63549"
        }
      ],
      "codegenVersion": "0.0.1"
    },
    {
      "projectId": "tFvQGwEHDigbr25c6CkR5z",
      "version": "latest",
      "dependencies": {
        "gmeH6XgPaBtkt51HunAo4g": "18.15.0"
      },
      "lang": "ts",
      "fileLocks": [
        {
          "type": "globalVariant",
          "assetId": "Qum1OmsIfK72",
          "checksum": "bd06c4c9a07cd7ee8529d00d9b8e0809"
        },
        {
          "type": "renderModule",
          "assetId": "6E9_hMhua5Bo",
          "checksum": "18abe156386f82108b206fca98ff2251"
        },
        {
          "type": "cssRules",
          "assetId": "6E9_hMhua5Bo",
          "checksum": "18abe156386f82108b206fca98ff2251"
        },
        {
          "type": "renderModule",
          "assetId": "81w9cQ9uD0oQ",
          "checksum": "d9a434fb58b447108ce9576e21f84ce0"
        },
        {
          "type": "cssRules",
          "assetId": "81w9cQ9uD0oQ",
          "checksum": "d9a434fb58b447108ce9576e21f84ce0"
        },
        {
          "type": "renderModule",
          "assetId": "bCEAyhrvNVaR",
          "checksum": "75b1df049a3fcc6e7c0abfe25fbbb2ca"
        },
        {
          "type": "cssRules",
          "assetId": "bCEAyhrvNVaR",
          "checksum": "75b1df049a3fcc6e7c0abfe25fbbb2ca"
        },
        {
          "type": "renderModule",
          "assetId": "tfAmp4yW2-Hz",
          "checksum": "e8b50134803c4e2eab75ddc74b136159"
        },
        {
          "type": "cssRules",
          "assetId": "tfAmp4yW2-Hz",
          "checksum": "e8b50134803c4e2eab75ddc74b136159"
        },
        {
          "type": "renderModule",
          "assetId": "O1OO4FaBoPew",
          "checksum": "630057e3e719f62a6ec3178df5548172"
        },
        {
          "type": "cssRules",
          "assetId": "O1OO4FaBoPew",
          "checksum": "630057e3e719f62a6ec3178df5548172"
        },
        {
          "type": "renderModule",
          "assetId": "jNoJbYgpgWmQ",
          "checksum": "134fd53e2cf83a05815b6fe4d095c266"
        },
        {
          "type": "cssRules",
          "assetId": "jNoJbYgpgWmQ",
          "checksum": "134fd53e2cf83a05815b6fe4d095c266"
        },
        {
          "type": "renderModule",
          "assetId": "LtE43stEjM9r",
          "checksum": "390e9fdfa60ca3e61d8048d59f037d33"
        },
        {
          "type": "cssRules",
          "assetId": "LtE43stEjM9r",
          "checksum": "390e9fdfa60ca3e61d8048d59f037d33"
        },
        {
          "type": "renderModule",
          "assetId": "xUB4xphgNcLV",
          "checksum": "67e21c22584fb86a5895274d9f230bda"
        },
        {
          "type": "cssRules",
          "assetId": "xUB4xphgNcLV",
          "checksum": "67e21c22584fb86a5895274d9f230bda"
        },
        {
          "type": "renderModule",
          "assetId": "A8MYL07L-0RT",
          "checksum": "0ed4578ae2bff8d991061cc63468a100"
        },
        {
          "type": "cssRules",
          "assetId": "A8MYL07L-0RT",
          "checksum": "0ed4578ae2bff8d991061cc63468a100"
        },
        {
          "type": "renderModule",
          "assetId": "2sA8XiFtE6F2",
          "checksum": "3483613893ddef157f8393d6a1ff2e2d"
        },
        {
          "type": "cssRules",
          "assetId": "2sA8XiFtE6F2",
          "checksum": "3483613893ddef157f8393d6a1ff2e2d"
        },
        {
          "type": "renderModule",
          "assetId": "N5_52hT_2f73",
          "checksum": "44687e5151a9c75c6f7d32581c9698bb"
        },
        {
          "type": "cssRules",
          "assetId": "N5_52hT_2f73",
          "checksum": "44687e5151a9c75c6f7d32581c9698bb"
        },
        {
          "type": "renderModule",
          "assetId": "h4D-Q_0GovDK",
          "checksum": "95358a7eba7e6e5f69418abb21d00d04"
        },
        {
          "type": "cssRules",
          "assetId": "h4D-Q_0GovDK",
          "checksum": "95358a7eba7e6e5f69418abb21d00d04"
        },
        {
          "type": "renderModule",
          "assetId": "6DAAjftXWvLO",
          "checksum": "ff525eb9c8ac6fcc334e8e55f927f443"
        },
        {
          "type": "cssRules",
          "assetId": "6DAAjftXWvLO",
          "checksum": "ff525eb9c8ac6fcc334e8e55f927f443"
        },
        {
          "type": "renderModule",
          "assetId": "RS3bAwX7Nzay",
          "checksum": "9390e7ba32a2e2ca7c9a3b25240a3bc4"
        },
        {
          "type": "cssRules",
          "assetId": "RS3bAwX7Nzay",
          "checksum": "9390e7ba32a2e2ca7c9a3b25240a3bc4"
        },
        {
          "type": "renderModule",
          "assetId": "rqHy_S-mevTW",
          "checksum": "89d49e3aaa382b46a1a2934fd109ff1e"
        },
        {
          "type": "cssRules",
          "assetId": "rqHy_S-mevTW",
          "checksum": "89d49e3aaa382b46a1a2934fd109ff1e"
        },
        {
          "type": "icon",
          "assetId": "DTNP1YrWemHr",
          "checksum": "3484603f8c61aa44284700f2458c6e28"
        },
        {
          "type": "icon",
          "assetId": "1vI7ZaVC77Tw",
          "checksum": "52097d45baacf8705727b52268d8afd0"
        },
        {
          "type": "icon",
          "assetId": "B306qkLeA7bb",
          "checksum": "34b4e3c46495f421992d8b544994eb09"
        },
        {
          "type": "icon",
          "assetId": "N6TfBzKQUyZi",
          "checksum": "0c4f1aaff13ec0606be234ae8282a4ea"
        },
        {
          "type": "icon",
          "assetId": "O-gEwGtHC5rO",
          "checksum": "f52f0be680898f1fce49a0ada14fcafc"
        },
        {
          "type": "icon",
          "assetId": "Jt6s0gLjE2KL",
          "checksum": "eac73c99fb1ca77bce856d1bdfd35229"
        },
        {
          "type": "icon",
          "assetId": "xXjTn7uJ-beT",
          "checksum": "2e095eda559571fb2ae6ef3f7a31038c"
        },
        {
          "type": "icon",
          "assetId": "tn2ezYVicwPG",
          "checksum": "a627c2cf655e774cc725cf9ac477b7a1"
        },
        {
          "type": "icon",
          "assetId": "Wl8zJ4V0qQR0",
          "checksum": "34128c506501b4c8525b72d32875736d"
        },
        {
          "type": "icon",
          "assetId": "aSCxtG4lCml3",
          "checksum": "ecd2ee163a316da03841348099122b43"
        },
        {
          "type": "icon",
          "assetId": "lacg6FgrXLzV",
          "checksum": "52d4516a7e8702e531905cd51f358a09"
        },
        {
          "type": "icon",
          "assetId": "Ol4GzWlR3Q6f",
          "checksum": "29d48bdda8a9ebfcda98f6c188bbb0dc"
        },
        {
          "type": "icon",
          "assetId": "F65lMIhTZmif",
          "checksum": "238de56758e00803cc1cead06948165f"
        },
        {
          "type": "icon",
          "assetId": "1V5lPf-XKEjq",
          "checksum": "e6f626dd7165de72bb6c5755ec463156"
        },
        {
          "type": "icon",
          "assetId": "962b54x1Y4Qc",
          "checksum": "d29fcc35e0bd4920b55f3e0633361c25"
        },
        {
          "type": "icon",
          "assetId": "N83sEYaBHlOP",
          "checksum": "6add2bb512ade30c980f03920d7cbdae"
        },
        {
          "type": "icon",
          "assetId": "TzPPnuLN2r6T",
          "checksum": "2c4842c739e5c83583d7df026837f81b"
        },
        {
          "type": "icon",
          "assetId": "NX_uytVU5rqC",
          "checksum": "0e81600f0a7dd0eb08c7bde129750c92"
        },
        {
          "type": "icon",
          "assetId": "0qRAcGzeLxL0",
          "checksum": "c0596fd5e2e32c7564419a1159743740"
        },
        {
          "type": "icon",
          "assetId": "NyQ48RPIjLWv",
          "checksum": "f6480f7b4c0e2b2c73b223d6401c2456"
        },
        {
          "type": "icon",
          "assetId": "akFCGNsZxnI5",
          "checksum": "1e526afe6edfff06d2c2033ecfc9fa7a"
        },
        {
          "type": "icon",
          "assetId": "eV2V0u1IO7bY",
          "checksum": "aee9ac4dc59ea56c34605c719c669322"
        },
        {
          "type": "icon",
          "assetId": "BP659q83EA3Q",
          "checksum": "9f906eba5ae29f05e3dad01fc6f9024b"
        },
        {
          "type": "icon",
          "assetId": "4Hhvk_y39udX",
          "checksum": "f6591dbafdbe1a0ec6283ca9edd4da69"
        },
        {
          "type": "icon",
          "assetId": "H8Fih48oVRax",
          "checksum": "56768fbae54c89e3d3011f0aa649e681"
        },
        {
          "type": "icon",
          "assetId": "hZLoyljP3q1S",
          "checksum": "e45386bbbc04c745cdcab830ea456545"
        },
        {
          "type": "icon",
          "assetId": "4ILTuAht2EvX",
          "checksum": "3ba28f08973577f8485b27b5a8c5e84b"
        },
        {
          "type": "icon",
          "assetId": "2kTeNDyO0nlo",
          "checksum": "712271d42e35437b6f1389eb52cefce6"
        },
        {
          "type": "icon",
          "assetId": "aralSwPA-ihJ",
          "checksum": "3cc36d499b87d6cb4515e69a82fbfab9"
        },
        {
          "type": "icon",
          "assetId": "7BHc8L5-XMdE",
          "checksum": "c85c89ef8ac70adb4500e4df5cfc917f"
        },
        {
          "type": "icon",
          "assetId": "_gcTcHvotSTA",
          "checksum": "e507be7449d4cf416d37902995c2af12"
        },
        {
          "type": "icon",
          "assetId": "FPVVkg_aPP0a",
          "checksum": "2ba2def99d3a7f3a4e3956944e170c23"
        },
        {
          "type": "icon",
          "assetId": "tEc-RRGKhbsR",
          "checksum": "7f3c4645ea1c731a2713b1908c837711"
        },
        {
          "type": "icon",
          "assetId": "XHxDSJ7eeLVK",
          "checksum": "850c3891fc2686ff1161b14b5cf105f0"
        },
        {
          "type": "icon",
          "assetId": "igbXL1uUsoxf",
          "checksum": "899d22779d5a8eab6c571ad1274230dc"
        },
        {
          "type": "icon",
          "assetId": "AdATUb6k6bUH",
          "checksum": "510e71ebdcf8f1c1e4a3fb34136d6d22"
        },
        {
          "type": "icon",
          "assetId": "2XqbpUxNcvUb",
          "checksum": "6304a0705b14223aa9115970b66468cc"
        },
        {
          "type": "icon",
          "assetId": "ISykWecHeFHJ",
          "checksum": "ee1716db65aa9967140a213463e9d2a8"
        },
        {
          "type": "icon",
          "assetId": "ffkXhXdMLQyi",
          "checksum": "534010e0926c50b1e210d43fdb1b6e5a"
        },
        {
          "type": "icon",
          "assetId": "RUFL4oY8TGPd",
          "checksum": "4b3b3c439e0faa3c9d52938d942e9f3a"
        },
        {
          "type": "icon",
          "assetId": "3XqrFoZFryRk",
          "checksum": "cf8fba84d59329f3d51feacbc36af370"
        },
        {
          "type": "image",
          "assetId": "y8Ij2Ak-Y610",
          "checksum": "31371e0e4ed6a85d1608147926bccb96"
        },
        {
          "type": "image",
          "assetId": "zYPt3xxKusxI",
          "checksum": "b180ecb7ee507a69435766403015126c"
        },
        {
          "type": "image",
          "assetId": "O59X6_qxckkl",
          "checksum": "e44bca0d6c701a934c3cb712b3e729b6"
        },
        {
          "type": "image",
          "assetId": "NDJZ0xoC5pIS",
          "checksum": "4b5f8c94eef8251bb004b9acb4164ba2"
        },
        {
          "type": "image",
          "assetId": "S5BjN8rNJSMM",
          "checksum": "c554c96f2e56b38369cef9b5c3e16bd6"
        },
        {
          "type": "image",
          "assetId": "-NkZsKv8W9zK",
          "checksum": "8965fa4541f704c9dde9e38820475312"
        },
        {
          "type": "image",
          "assetId": "ZfwLzBEyNBbm",
          "checksum": "d93233f48ec76ef30d74efee80ebe697"
        },
        {
          "type": "image",
          "assetId": "kEMKC5l3Ue8H",
          "checksum": "0b5c3bb805b1660b1e7acbb309b7630f"
        },
        {
          "type": "image",
          "assetId": "foH7mC9dHkmg",
          "checksum": "e145c60cc91020efc986c6262ea9bf34"
        },
        {
          "type": "image",
          "assetId": "UpPdyD09Bd7Y",
          "checksum": "c2309089b330f6b0ae055439a181d6e4"
        },
        {
          "type": "image",
          "assetId": "gwLsTiCI9mTe",
          "checksum": "293c4edb677e781efddef076b621393f"
        },
        {
          "type": "image",
          "assetId": "0ITAh5xCoYrQ",
          "checksum": "ab08046744f4ae3aa8b88cedbd10e534"
        },
        {
          "type": "image",
          "assetId": "JzqrPVEsIzij",
          "checksum": "662eaff8cc13ee583f05923cba06d3e1"
        },
        {
          "type": "image",
          "assetId": "oTrQhy2wyUQk",
          "checksum": "e56f8138a4c1c953d4f1bc6bd40fcbb1"
        },
        {
          "type": "image",
          "assetId": "FUwX2SkvZ2H8",
          "checksum": "0a97b7b267cbb2ea0cb2c392139637eb"
        },
        {
          "type": "image",
          "assetId": "m-pGDWRTb9yS",
          "checksum": "0586183a810d3c8596a761fcb043abc4"
        },
        {
          "type": "image",
          "assetId": "OIasXxRjqnFO",
          "checksum": "953c9b7b45943385cd06a0c9550f241d"
        },
        {
          "type": "image",
          "assetId": "BqzhQafZ8zj2",
          "checksum": "7392b11ecf4ae6ac27e7f5eb801c5300"
        },
        {
          "type": "image",
          "assetId": "YzVeqm3q0XkB",
          "checksum": "273aa1e8177b307fad503ed7a1751cf9"
        },
        {
          "type": "image",
          "assetId": "GpY64_yeYfxS",
          "checksum": "3d1cc1e473708cea9123957daa01c1ac"
        },
        {
          "type": "image",
          "assetId": "W72-oo7Rkq8s",
          "checksum": "7b443587e696739b0d36c06bcb318d25"
        },
        {
          "type": "image",
          "assetId": "u-7c0TYNK_MF",
          "checksum": "0f70b790000c3ceb98c742a5abbeea66"
        },
        {
          "type": "image",
          "assetId": "wwDfmaeGJ95a",
          "checksum": "14127611837ac996bb4a53d999975ed1"
        },
        {
          "type": "image",
          "assetId": "RD0zZu_4PLOP",
          "checksum": "b7f44c2634f3783825aa67a21320804d"
        },
        {
          "type": "image",
          "assetId": "z_Dvkicwkxjb",
          "checksum": "0b6c6110499f06ae056bafdb5d050822"
        },
        {
          "type": "image",
          "assetId": "cJ8kkQkkq8W6",
          "checksum": "ef4fce6f9ac5c5ff6f32cbaced4c64fc"
        },
        {
          "type": "image",
          "assetId": "e5DltpRJ6OzR",
          "checksum": "bb812849c7fc510fbc28773ec26b1df0"
        },
        {
          "type": "image",
          "assetId": "l1ladihiAUB-",
          "checksum": "257c7a0991b8094e03580d805e1ffd7c"
        },
        {
          "type": "image",
          "assetId": "vOi2EIlo-GkP",
          "checksum": "9b7dfcaeaa56ffe6f4a0f025090ec1c1"
        },
        {
          "type": "image",
          "assetId": "hE7E2BW6e-sT",
          "checksum": "a03a68f3eb9793ddc1c97fe464019545"
        },
        {
          "type": "image",
          "assetId": "AjUZjy_XQ83K",
          "checksum": "df4df36617a63990093e80b2c37805ae"
        },
        {
          "type": "image",
          "assetId": "DF0A_gXzgsm1",
          "checksum": "eea50d24aaae7f83fe17d619c7c204c2"
        },
        {
          "assetId": "tFvQGwEHDigbr25c6CkR5z",
          "type": "projectCss",
          "checksum": "a032aa0dc2b8347df9b0a40cdf9c2eaa"
        }
      ],
      "codegenVersion": "0.0.1"
    }
  ],
  "cliVersion": "0.1.337"
}
